# Python 3.13 / Windows x64. Toutes les dependances transitives sont verrouillees.
alembic==1.18.4 --hash=sha256:a5ed4adcf6d8a4cb575f3d759f071b03cd6e5c7618eb796cb52497be25bfe19a
blinker==1.9.0 --hash=sha256:ba0efaa9080b619ff2f3459d1d500c57bddea4a6b424b60a91141db6fd2f08bc
certifi==2026.7.22 --hash=sha256:62f22742b58a1a33014a2b6b706588a8d7e2a88ae7bd1a6ebe8c992928483775
click==8.5.0 --hash=sha256:255bc9599cf7748b4b1a446ccc735421bd08a2ae529a8b88597d3de5664ee360
defusedxml==0.7.1 --hash=sha256:a352e7e428770286cc899e2542b6cdaedb2b4953ff269a210103ec58f6198a61
docxtpl==0.20.2 --hash=sha256:626d5c570a46a62b2ca73b4d08f1c240fa031a5bc45371e1466a4fe184923d10
et-xmlfile==2.0.0 --hash=sha256:7a91720bc756843502c3b7504c77b8fe44217c85c537d85037f0f536151b2caa
flask-login==0.6.3 --hash=sha256:849b25b82a436bf830a054e74214074af59097171562ab10bfa999e6b78aae5d
flask-migrate==4.1.0 --hash=sha256:24d8051af161782e0743af1b04a152d007bad9772b2bca67b7ec1e8ceeb3910d
flask-sqlalchemy==3.1.1 --hash=sha256:4ba4be7f419dc72f4efd8802d69974803c37259dd42f3913b0dcf75c9447e0a0
flask-wtf==1.3.0 --hash=sha256:dc5e3a4ce97f75c47bf6c1c72ad2c3b7bdf579a2ed13aebcc5d3d81fe2571160
flask==3.1.3 --hash=sha256:f4bcbefc124291925f1a26446da31a5178f9483862233b23c0c96a20701f670c
greenlet==3.5.6 --hash=sha256:5b602b4201b965a8354d74e232364a66ff243dd142e350d035f46169bb36e13d
itsdangerous==2.2.0 --hash=sha256:c6242fc49e35958c8b15141343aa660db5fc54d4f13a1db01a3f5891b98700ef
jinja2==3.1.6 --hash=sha256:85ece4451f492d0c13c5dd7c13a64681a86afae63a5f347908daf103ce6d2f67
lxml==6.1.3 --hash=sha256:e477aca0bc0d19f3b4ae9e4f2a1cfd687c31bf772d78734910658186b40b2477
mako==1.4.1 --hash=sha256:a359d9a94a541213958742b2698d0a7757bb83551767bc468a74b9905aba9617
markupsafe==3.0.3 --hash=sha256:9a1abfdc021a164803f4d485104931fb8f8c1efd55bc6b748d2f5774e78b62c5
openpyxl==3.1.5 --hash=sha256:5282c12b107bffeef825f4617dc029afaf41d0ea60823bbb665ef3079dc79de2
pillow==12.3.0 --hash=sha256:1cca606cd25738df4ed873d5ad46bbdb3d83b5cbca291f6b4ff13a4df6b0bbe8
psycopg-binary==3.3.5 --hash=sha256:ba466011569297114449df9d523438e1adeedf3e4f31ffb78e897ec3fef3076b
psycopg==3.3.5 --hash=sha256:ce5aa5cdb4f9379f00f487590e5890bfa7df9a164648c969ffa628505e21af4e
python-docx==1.2.0 --hash=sha256:3fd478f3250fbbbfd3b94fe1e985955737c145627498896a8a6bf81f4baf66c7
segno==1.6.6 --hash=sha256:28c7d081ed0cf935e0411293a465efd4d500704072cdb039778a2ab8736190c7
sqlalchemy==2.0.54 --hash=sha256:cf89e92bf0d4204a6afcc17af27b9271ed9c7e34e17d6f80c085d431ea4a1747
typing-extensions==4.16.0 --hash=sha256:481caa481374e813c1b176ada14e97f1f67a4539ce9cfeb3f350d78d6370c2e8
tzdata==2026.4 --hash=sha256:c2169a8b0a7a5e9674da5a135ccdfb2b3e671b333ed9fed17b41f73c34476e81
waitress==3.0.2 --hash=sha256:c56d67fd6e87c2ee598b76abdd4e96cfad1f24cacdea5078d382b1f9d7b5ed2e
werkzeug==3.1.8 --hash=sha256:63a77fb8892bf28ebc3178683445222aa500e48ebad5ec77b0ad80f8726b1f50
wtforms==3.2.2 --hash=sha256:72b90d5d921bd3119252069cf0301e9c13915f9e52792652bc91c5dda4b79e56
